
Microsoft Visual Studio Solution File, Format Version 12.00
# Visual Studio Version 16
VisualStudioVersion = 16.0.31613.86
MinimumVisualStudioVersion = 10.0.40219.1
Project("{888888A0-9F3D-457C-B088-3A5042F75D52}") = "rock-paper-scissors", "rock-paper-scissors.pyproj", "{128EA08D-BCBA-4C92-A2A3-A3A41E0A437E}"
EndProject
Global
	GlobalSection(SolutionConfigurationPlatforms) = preSolution
		Debug|Any CPU = Debug|Any CPU
		Release|Any CPU = Release|Any CPU
	EndGlobalSection
	GlobalSection(ProjectConfigurationPlatforms) = postSolution
		{128EA08D-BCBA-4C92-A2A3-A3A41E0A437E}.Debug|Any CPU.ActiveCfg = Debug|Any CPU
		{128EA08D-BCBA-4C92-A2A3-A3A41E0A437E}.Release|Any CPU.ActiveCfg = Release|Any CPU
	EndGlobalSection
	GlobalSection(SolutionProperties) = preSolution
		HideSolutionNode = FALSE
	EndGlobalSection
	GlobalSection(ExtensibilityGlobals) = postSolution
		SolutionGuid = {DF76DC3C-8A72-46E0-8464-F04512A22F66}
	EndGlobalSection
EndGlobal
